
Microsoft Visual Studio Solution File, Format Version 12.00
# Visual Studio Version 17
VisualStudioVersion = 17.14.36109.1
MinimumVisualStudioVersion = 10.0.40219.1
Project("{FAE04EC0-301F-11D3-BF4B-00C04F79EFBC}") = "Spooky", "Spooky.csproj", "{692E92BA-E212-7241-659A-C9A9D64322FA}"
EndProject
Global
	GlobalSection(SolutionConfigurationPlatforms) = preSolution
		Debug|Any CPU = Debug|Any CPU
		Release|Any CPU = Release|Any CPU
	EndGlobalSection
	GlobalSection(ProjectConfigurationPlatforms) = postSolution
		{692E92BA-E212-7241-659A-C9A9D64322FA}.Debug|Any CPU.ActiveCfg = Debug|Any CPU
		{692E92BA-E212-7241-659A-C9A9D64322FA}.Debug|Any CPU.Build.0 = Debug|Any CPU
		{692E92BA-E212-7241-659A-C9A9D64322FA}.Release|Any CPU.ActiveCfg = Release|Any CPU
		{692E92BA-E212-7241-659A-C9A9D64322FA}.Release|Any CPU.Build.0 = Release|Any CPU
	EndGlobalSection
	GlobalSection(SolutionProperties) = preSolution
		HideSolutionNode = FALSE
	EndGlobalSection
	GlobalSection(ExtensibilityGlobals) = postSolution
		SolutionGuid = {9CDB37FF-DF56-4259-8D31-C1556E28E0F2}
	EndGlobalSection
EndGlobal
